
Microsoft Visual Studio Solution File, Format Version 12.00
# Visual Studio 2013
VisualStudioVersion = 12.0.31101.0
MinimumVisualStudioVersion = 10.0.40219.1
Project("{FAE04EC0-301F-11D3-BF4B-00C04F79EFBC}") = "Mi9ChallengeService", "Mi9ChallengeApp\Mi9ChallengeService.csproj", "{AE183500-AD42-46DC-81E9-88F690304B88}"
EndProject
Project("{FAE04EC0-301F-11D3-BF4B-00C04F79EFBC}") = "Mi9ChallengeWeb", "Mi9ChallengeWeb\Mi9ChallengeWeb.csproj", "{EAED6975-582A-44E1-ABA6-5199B33EAA79}"
EndProject
Global
	GlobalSection(SolutionConfigurationPlatforms) = preSolution
		Debug|Any CPU = Debug|Any CPU
		Release|Any CPU = Release|Any CPU
	EndGlobalSection
	GlobalSection(ProjectConfigurationPlatforms) = postSolution
		{AE183500-AD42-46DC-81E9-88F690304B88}.Debug|Any CPU.ActiveCfg = Debug|Any CPU
		{AE183500-AD42-46DC-81E9-88F690304B88}.Debug|Any CPU.Build.0 = Debug|Any CPU
		{AE183500-AD42-46DC-81E9-88F690304B88}.Release|Any CPU.ActiveCfg = Release|Any CPU
		{AE183500-AD42-46DC-81E9-88F690304B88}.Release|Any CPU.Build.0 = Release|Any CPU
		{EAED6975-582A-44E1-ABA6-5199B33EAA79}.Debug|Any CPU.ActiveCfg = Debug|Any CPU
		{EAED6975-582A-44E1-ABA6-5199B33EAA79}.Debug|Any CPU.Build.0 = Debug|Any CPU
		{EAED6975-582A-44E1-ABA6-5199B33EAA79}.Release|Any CPU.ActiveCfg = Release|Any CPU
		{EAED6975-582A-44E1-ABA6-5199B33EAA79}.Release|Any CPU.Build.0 = Release|Any CPU
	EndGlobalSection
	GlobalSection(SolutionProperties) = preSolution
		HideSolutionNode = FALSE
	EndGlobalSection
EndGlobal
